
Microsoft Visual Studio Solution File, Format Version 12.00
# Visual Studio Version 17
VisualStudioVersion = 17.8.34316.72
MinimumVisualStudioVersion = 10.0.40219.1
Project("{FAE04EC0-301F-11D3-BF4B-00C04F79EFBC}") = "Api", "Api\Api.csproj", "{7E02D4D3-0C91-42F7-9E58-E9F4D2B22FCE}"
EndProject
Global
	GlobalSection(SolutionConfigurationPlatforms) = preSolution
		Debug|Any CPU = Debug|Any CPU
		Release|Any CPU = Release|Any CPU
	EndGlobalSection
	GlobalSection(ProjectConfigurationPlatforms) = postSolution
		{7E02D4D3-0C91-42F7-9E58-E9F4D2B22FCE}.Debug|Any CPU.ActiveCfg = Debug|Any CPU
		{7E02D4D3-0C91-42F7-9E58-E9F4D2B22FCE}.Debug|Any CPU.Build.0 = Debug|Any CPU
		{7E02D4D3-0C91-42F7-9E58-E9F4D2B22FCE}.Release|Any CPU.ActiveCfg = Release|Any CPU
		{7E02D4D3-0C91-42F7-9E58-E9F4D2B22FCE}.Release|Any CPU.Build.0 = Release|Any CPU
	EndGlobalSection
	GlobalSection(SolutionProperties) = preSolution
		HideSolutionNode = FALSE
	EndGlobalSection
	GlobalSection(ExtensibilityGlobals) = postSolution
		SolutionGuid = {F3833BEF-28CD-479C-8237-B6F6F45BC6D9}
	EndGlobalSection
EndGlobal
